// !$*UTF8*$!
{
	archiveVersion = 1;
	classes = {
	};
	objectVersion = 46;
	objects = {

/* Begin PBXBuildFile section */
		6C3464D61AD7F2E200CF148A /* AppDelegate.swift in Sources */ = {isa = PBXBuildFile; fileRef = 6C3464D51AD7F2E200CF148A /* AppDelegate.swift */; };
		6C3464D91AD7F2E200CF148A /* Call_Waiting.xcdatamodeld in Sources */ = {isa = PBXBuildFile; fileRef = 6C3464D71AD7F2E200CF148A /* Call_Waiting.xcdatamodeld */; };
		6C3464DB1AD7F2E200CF148A /* MasterViewController.swift in Sources */ = {isa = PBXBuildFile; fileRef = 6C3464DA1AD7F2E200CF148A /* MasterViewController.swift */; };
		6C3464DD1AD7F2E200CF148A /* DetailViewController.swift in Sources */ = {isa = PBXBuildFile; fileRef = 6C3464DC1AD7F2E200CF148A /* DetailViewController.swift */; };
		6C3464E01AD7F2E200CF148A /* Main.storyboard in Resources */ = {isa = PBXBuildFile; fileRef = 6C3464DE1AD7F2E200CF148A /* Main.storyboard */; };
		6C3464E21AD7F2E200CF148A /* Images.xcassets in Resources */ = {isa = PBXBuildFile; fileRef = 6C3464E11AD7F2E200CF148A /* Images.xcassets */; };
		6C3464E51AD7F2E200CF148A /* LaunchScreen.xib in Resources */ = {isa = PBXBuildFile; fileRef = 6C3464E31AD7F2E200CF148A /* LaunchScreen.xib */; };
		6C3464F11AD7F2E200CF148A /* Call_WaitingTests.swift in Sources */ = {isa = PBXBuildFile; fileRef = 6C3464F01AD7F2E200CF148A /* Call_WaitingTests.swift */; };
/* End PBXBuildFile section */

/* Begin PBXContainerItemProxy section */
		6C3464EB1AD7F2E200CF148A /* PBXContainerItemProxy */ = {
			isa = PBXContainerItemProxy;
			containerPortal = 6C3464C81AD7F2E200CF148A /* Project object */;
			proxyType = 1;
			remoteGlobalIDString = 6C3464CF1AD7F2E200CF148A;
			remoteInfo = "Call Waiting";
		};
/* End PBXContainerItemProxy section */

/* Begin PBXFileReference section */
		6C3464D01AD7F2E200CF148A /* Call Waiting.app */ = {isa = PBXFileReference; explicitFileType = wrapper.application; includeInIndex = 0; path = "Call Waiting.app"; sourceTree = BUILT_PRODUCTS_DIR; };
		6C3464D41AD7F2E200CF148A /* Info.plist */ = {isa = PBXFileReference; lastKnownFileType = text.plist.xml; path = Info.plist; sourceTree = "<group>"; };
		6C3464D51AD7F2E200CF148A /* AppDelegate.swift */ = {isa = PBXFileReference; lastKnownFileType = sourcecode.swift; path = AppDelegate.swift; sourceTree = "<group>"; };
		6C3464D81AD7F2E200CF148A /* Call_Waiting.xcdatamodel */ = {isa = PBXFileReference; lastKnownFileType = wrapper.xcdatamodel; path = Call_Waiting.xcdatamodel; sourceTree = "<group>"; };
		6C3464DA1AD7F2E200CF148A /* MasterViewController.swift */ = {isa = PBXFileReference; lastKnownFileType = sourcecode.swift; path = MasterViewController.swift; sourceTree = "<group>"; };
		6C3464DC1AD7F2E200CF148A /* DetailViewController.swift */ = {isa = PBXFileReference; lastKnownFileType = sourcecode.swift; path = DetailViewController.swift; sourceTree = "<group>"; };
		6C3464DF1AD7F2E200CF148A /* Base */ = {isa = PBXFileReference; lastKnownFileType = file.storyboard; name = Base; path = Base.lproj/Main.storyboard; sourceTree = "<group>"; };
		6C3464E11AD7F2E200CF148A /* Images.xcassets */ = {isa = PBXFileReference; lastKnownFileType = folder.assetcatalog; path = Images.xcassets; sourceTree = "<group>"; };
		6C3464E41AD7F2E200CF148A /* Base */ = {isa = PBXFileReference; lastKnownFileType = file.xib; name = Base; path = Base.lproj/LaunchScreen.xib; sourceTree = "<group>"; };
		6C3464EA1AD7F2E200CF148A /* Call WaitingTests.xctest */ = {isa = PBXFileReference; explicitFileType = wrapper.cfbundle; includeInIndex = 0; path = "Call WaitingTests.xctest"; sourceTree = BUILT_PRODUCTS_DIR; };
		6C3464EF1AD7F2E200CF148A /* Info.plist */ = {isa = PBXFileReference; lastKnownFileType = text.plist.xml; path = Info.plist; sourceTree = "<group>"; };
		6C3464F01AD7F2E200CF148A /* Call_WaitingTests.swift */ = {isa = PBXFileReference; lastKnownFileType = sourcecode.swift; path = Call_WaitingTests.swift; sourceTree = "<group>"; };
/* End PBXFileReference section */

/* Begin PBXFrameworksBuildPhase section */
		6C3464CD1AD7F2E200CF148A /* Frameworks */ = {
			isa = PBXFrameworksBuildPhase;
			buildActionMask = 2147483647;
			files = (
			);
			runOnlyForDeploymentPostprocessing = 0;
		};
		6C3464E71AD7F2E200CF148A /* Frameworks */ = {
			isa = PBXFrameworksBuildPhase;
			buildActionMask = 2147483647;
			files = (
			);
			runOnlyForDeploymentPostprocessing = 0;
		};
/* End PBXFrameworksBuildPhase section */

/* Begin PBXGroup section */
		6C3464C71AD7F2E200CF148A = {
			isa = PBXGroup;
			children = (
				6C3464D21AD7F2E200CF148A /* Call Waiting */,
				6C3464ED1AD7F2E200CF148A /* Call WaitingTests */,
				6C3464D11AD7F2E200CF148A /* Products */,
			);
			sourceTree = "<group>";
		};
		6C3464D11AD7F2E200CF148A /* Products */ = {
			isa = PBXGroup;
			children = (
				6C3464D01AD7F2E200CF148A /* Call Waiting.app */,
				6C3464EA1AD7F2E200CF148A /* Call WaitingTests.xctest */,
			);
			name = Products;
			sourceTree = "<group>";
		};
		6C3464D21AD7F2E200CF148A /* Call Waiting */ = {
			isa = PBXGroup;
			children = (
				6C3464D51AD7F2E200CF148A /* AppDelegate.swift */,
				6C3464DA1AD7F2E200CF148A /* MasterViewController.swift */,
				6C3464DC1AD7F2E200CF148A /* DetailViewController.swift */,
				6C3464DE1AD7F2E200CF148A /* Main.storyboard */,
				6C3464E11AD7F2E200CF148A /* Images.xcassets */,
				6C3464E31AD7F2E200CF148A /* LaunchScreen.xib */,
				6C3464D71AD7F2E200CF148A /* Call_Waiting.xcdatamodeld */,
				6C3464D31AD7F2E200CF148A /* Supporting Files */,
			);
			path = "Call Waiting";
			sourceTree = "<group>";
		};
		6C3464D31AD7F2E200CF148A /* Supporting Files */ = {
			isa = PBXGroup;
			children = (
				6C3464D41AD7F2E200CF148A /* Info.plist */,
			);
			name = "Supporting Files";
			sourceTree = "<group>";
		};
		6C3464ED1AD7F2E200CF148A /* Call WaitingTests */ = {
			isa = PBXGroup;
			children = (
				6C3464F01AD7F2E200CF148A /* Call_WaitingTests.swift */,
				6C3464EE1AD7F2E200CF148A /* Supporting Files */,
			);
			path = "Call WaitingTests";
			sourceTree = "<group>";
		};
		6C3464EE1AD7F2E200CF148A /* Supporting Files */ = {
			isa = PBXGroup;
			children = (
				6C3464EF1AD7F2E200CF148A /* Info.plist */,
			);
			name = "Supporting Files";
			sourceTree = "<group>";
		};
/* End PBXGroup section */

/* Begin PBXNativeTarget section */
		6C3464CF1AD7F2E200CF148A /* Call Waiting */ = {
			isa = PBXNativeTarget;
			buildConfigurationList = 6C3464F41AD7F2E200CF148A /* Build configuration list for PBXNativeTarget "Call Waiting" */;
			buildPhases = (
				6C3464CC1AD7F2E200CF148A /* Sources */,
				6C3464CD1AD7F2E200CF148A /* Frameworks */,
				6C3464CE1AD7F2E200CF148A /* Resources */,
			);
			buildRules = (
			);
			dependencies = (
			);
			name = "Call Waiting";
			productName = "Call Waiting";
			productReference = 6C3464D01AD7F2E200CF148A /* Call Waiting.app */;
			productType = "com.apple.product-type.application";
		};
		6C3464E91AD7F2E200CF148A /* Call WaitingTests */ = {
			isa = PBXNativeTarget;
			buildConfigurationList = 6C3464F71AD7F2E200CF148A /* Build configuration list for PBXNativeTarget "Call WaitingTests" */;
			buildPhases = (
				6C3464E61AD7F2E200CF148A /* Sources */,
				6C3464E71AD7F2E200CF148A /* Frameworks */,
				6C3464E81AD7F2E200CF148A /* Resources */,
			);
			buildRules = (
			);
			dependencies = (
				6C3464EC1AD7F2E200CF148A /* PBXTargetDependency */,
			);
			name = "Call WaitingTests";
			productName = "Call WaitingTests";
			productReference = 6C3464EA1AD7F2E200CF148A /* Call WaitingTests.xctest */;
			productType = "com.apple.product-type.bundle.unit-test";
		};
/* End PBXNativeTarget section */

/* Begin PBXProject section */
		6C3464C81AD7F2E200CF148A /* Project object */ = {
			isa = PBXProject;
			attributes = {
				LastUpgradeCheck = 0630;
				ORGANIZATIONNAME = "Rattle Media";
				TargetAttributes = {
					6C3464CF1AD7F2E200CF148A = {
						CreatedOnToolsVersion = 6.3;
					};
					6C3464E91AD7F2E200CF148A = {
						CreatedOnToolsVersion = 6.3;
						TestTargetID = 6C3464CF1AD7F2E200CF148A;
					};
				};
			};
			buildConfigurationList = 6C3464CB1AD7F2E200CF148A /* Build configuration list for PBXProject "Call Waiting" */;
			compatibilityVersion = "Xcode 3.2";
			developmentRegion = English;
			hasScannedForEncodings = 0;
			knownRegions = (
				en,
				Base,
			);
			mainGroup = 6C3464C71AD7F2E200CF148A;
			productRefGroup = 6C3464D11AD7F2E200CF148A /* Products */;
			projectDirPath = "";
			projectRoot = "";
			targets = (
				6C3464CF1AD7F2E200CF148A /* Call Waiting */,
				6C3464E91AD7F2E200CF148A /* Call WaitingTests */,
			);
		};
/* End PBXProject section */

/* Begin PBXResourcesBuildPhase section */
		6C3464CE1AD7F2E200CF148A /* Resources */ = {
			isa = PBXResourcesBuildPhase;
			buildActionMask = 2147483647;
			files = (
				6C3464E01AD7F2E200CF148A /* Main.storyboard in Resources */,
				6C3464E51AD7F2E200CF148A /* LaunchScreen.xib in Resources */,
				6C3464E21AD7F2E200CF148A /* Images.xcassets in Resources */,
			);
			runOnlyForDeploymentPostprocessing = 0;
		};
		6C3464E81AD7F2E200CF148A /* Resources */ = {
			isa = PBXResourcesBuildPhase;
			buildActionMask = 2147483647;
			files = (
			);
			runOnlyForDeploymentPostprocessing = 0;
		};
/* End PBXResourcesBuildPhase section */

/* Begin PBXSourcesBuildPhase section */
		6C3464CC1AD7F2E200CF148A /* Sources */ = {
			isa = PBXSourcesBuildPhase;
			buildActionMask = 2147483647;
			files = (
				6C3464D61AD7F2E200CF148A /* AppDelegate.swift in Sources */,
				6C3464D91AD7F2E200CF148A /* Call_Waiting.xcdatamodeld in Sources */,
				6C3464DB1AD7F2E200CF148A /* MasterViewController.swift in Sources */,
				6C3464DD1AD7F2E200CF148A /* DetailViewController.swift in Sources */,
			);
			runOnlyForDeploymentPostprocessing = 0;
		};
		6C3464E61AD7F2E200CF148A /* Sources */ = {
			isa = PBXSourcesBuildPhase;
			buildActionMask = 2147483647;
			files = (
				6C3464F11AD7F2E200CF148A /* Call_WaitingTests.swift in Sources */,
			);
			runOnlyForDeploymentPostprocessing = 0;
		};
/* End PBXSourcesBuildPhase section */

/* Begin PBXTargetDependency section */
		6C3464EC1AD7F2E200CF148A /* PBXTargetDependency */ = {
			isa = PBXTargetDependency;
			target = 6C3464CF1AD7F2E200CF148A /* Call Waiting */;
			targetProxy = 6C3464EB1AD7F2E200CF148A /* PBXContainerItemProxy */;
		};
/* End PBXTargetDependency section */

/* Begin PBXVariantGroup section */
		6C3464DE1AD7F2E200CF148A /* Main.storyboard */ = {
			isa = PBXVariantGroup;
			children = (
				6C3464DF1AD7F2E200CF148A /* Base */,
			);
			name = Main.storyboard;
			sourceTree = "<group>";
		};
		6C3464E31AD7F2E200CF148A /* LaunchScreen.xib */ = {
			isa = PBXVariantGroup;
			children = (
				6C3464E41AD7F2E200CF148A /* Base */,
			);
			name = LaunchScreen.xib;
			sourceTree = "<group>";
		};
/* End PBXVariantGroup section */

/* Begin XCBuildConfiguration section */
		6C3464F21AD7F2E200CF148A /* Debug */ = {
			isa = XCBuildConfiguration;
			buildSettings = {
				ALWAYS_SEARCH_USER_PATHS = NO;
				CLANG_CXX_LANGUAGE_STANDARD = "gnu++0x";
				CLANG_CXX_LIBRARY = "libc++";
				CLANG_ENABLE_MODULES = YES;
				CLANG_ENABLE_OBJC_ARC = YES;
				CLANG_WARN_BOOL_CONVERSION = YES;
				CLANG_WARN_CONSTANT_CONVERSION = YES;
				CLANG_WARN_DIRECT_OBJC_ISA_USAGE = YES_ERROR;
				CLANG_WARN_EMPTY_BODY = YES;
				CLANG_WARN_ENUM_CONVERSION = YES;
				CLANG_WARN_INT_CONVERSION = YES;
				CLANG_WARN_OBJC_ROOT_CLASS = YES_ERROR;
				CLANG_WARN_UNREACHABLE_CODE = YES;
				CLANG_WARN__DUPLICATE_METHOD_MATCH = YES;
				"CODE_SIGN_IDENTITY[sdk=iphoneos*]" = "iPhone Developer";
				COPY_PHASE_STRIP = NO;
				DEBUG_INFORMATION_FORMAT = "dwarf-with-dsym";
				ENABLE_STRICT_OBJC_MSGSEND = YES;
				GCC_C_LANGUAGE_STANDARD = gnu99;
				GCC_DYNAMIC_NO_PIC = NO;
				GCC_NO_COMMON_BLOCKS = YES;
				GCC_OPTIMIZATION_LEVEL = 0;
				GCC_PREPROCESSOR_DEFINITIONS = (
					"DEBUG=1",
					"$(inherited)",
				);
				GCC_SYMBOLS_PRIVATE_EXTERN = NO;
				GCC_WARN_64_TO_32_BIT_CONVERSION = YES;
				GCC_WARN_ABOUT_RETURN_TYPE = YES_ERROR;
				GCC_WARN_UNDECLARED_SELECTOR = YES;
				GCC_WARN_UNINITIALIZED_AUTOS = YES_AGGRESSIVE;
				GCC_WARN_UNUSED_FUNCTION = YES;
				GCC_WARN_UNUSED_VARIABLE = YES;
				IPHONEOS_DEPLOYMENT_TARGET = 8.3;
				MTL_ENABLE_DEBUG_INFO = YES;
				ONLY_ACTIVE_ARCH = YES;
				SDKROOT = iphoneos;
				SWIFT_OPTIMIZATION_LEVEL = "-Onone";
				TARGETED_DEVICE_FAMILY = "1,2";
			};
			name = Debug;
		};
		6C3464F31AD7F2E200CF148A /* Release */ = {
			isa = XCBuildConfiguration;
			buildSettings = {
				ALWAYS_SEARCH_USER_PATHS = NO;
				CLANG_CXX_LANGUAGE_STANDARD = "gnu++0x";
				CLANG_CXX_LIBRARY = "libc++";
				CLANG_ENABLE_MODULES = YES;
				CLANG_ENABLE_OBJC_ARC = YES;
				CLANG_WARN_BOOL_CONVERSION = YES;
				CLANG_WARN_CONSTANT_CONVERSION = YES;
				CLANG_WARN_DIRECT_OBJC_ISA_USAGE = YES_ERROR;
				CLANG_WARN_EMPTY_BODY = YES;
				CLANG_WARN_ENUM_CONVERSION = YES;
				CLANG_WARN_INT_CONVERSION = YES;
				CLANG_WARN_OBJC_ROOT_CLASS = YES_ERROR;
				CLANG_WARN_UNREACHABLE_CODE = YES;
				CLANG_WARN__DUPLICATE_METHOD_MATCH = YES;
				"CODE_SIGN_IDENTITY[sdk=iphoneos*]" = "iPhone Developer";
				COPY_PHASE_STRIP = NO;
				DEBUG_INFORMATION_FORMAT = "dwarf-with-dsym";
				ENABLE_NS_ASSERTIONS = NO;
				ENABLE_STRICT_OBJC_MSGSEND = YES;
				GCC_C_LANGUAGE_STANDARD = gnu99;
				GCC_NO_COMMON_BLOCKS = YES;
				GCC_WARN_64_TO_32_BIT_CONVERSION = YES;
				GCC_WARN_ABOUT_RETURN_TYPE = YES_ERROR;
				GCC_WARN_UNDECLARED_SELECTOR = YES;
				GCC_WARN_UNINITIALIZED_AUTOS = YES_AGGRESSIVE;
				GCC_WARN_UNUSED_FUNCTION = YES;
				GCC_WARN_UNUSED_VARIABLE = YES;
				IPHONEOS_DEPLOYMENT_TARGET = 8.3;
				MTL_ENABLE_DEBUG_INFO = NO;
				SDKROOT = iphoneos;
				TARGETED_DEVICE_FAMILY = "1,2";
				VALIDATE_PRODUCT = YES;
			};
			name = Release;
		};
		6C3464F51AD7F2E200CF148A /* Debug */ = {
			isa = XCBuildConfiguration;
			buildSettings = {
				ASSETCATALOG_COMPILER_APPICON_NAME = AppIcon;
				INFOPLIST_FILE = "Call Waiting/Info.plist";
				LD_RUNPATH_SEARCH_PATHS = "$(inherited) @executable_path/Frameworks";
				PRODUCT_NAME = "$(TARGET_NAME)";
			};
			name = Debug;
		};
		6C3464F61AD7F2E200CF148A /* Release */ = {
			isa = XCBuildConfiguration;
			buildSettings = {
				ASSETCATALOG_COMPILER_APPICON_NAME = AppIcon;
				INFOPLIST_FILE = "Call Waiting/Info.plist";
				LD_RUNPATH_SEARCH_PATHS = "$(inherited) @executable_path/Frameworks";
				PRODUCT_NAME = "$(TARGET_NAME)";
			};
			name = Release;
		};
		6C3464F81AD7F2E200CF148A /* Debug */ = {
			isa = XCBuildConfiguration;
			buildSettings = {
				BUNDLE_LOADER = "$(TEST_HOST)";
				FRAMEWORK_SEARCH_PATHS = (
					"$(SDKROOT)/Developer/Library/Frameworks",
					"$(inherited)",
				);
				GCC_PREPROCESSOR_DEFINITIONS = (
					"DEBUG=1",
					"$(inherited)",
				);
				INFOPLIST_FILE = "Call WaitingTests/Info.plist";
				LD_RUNPATH_SEARCH_PATHS = "$(inherited) @executable_path/Frameworks @loader_path/Frameworks";
				PRODUCT_NAME = "$(TARGET_NAME)";
				TEST_HOST = "$(BUILT_PRODUCTS_DIR)/Call Waiting.app/Call Waiting";
			};
			name = Debug;
		};
		6C3464F91AD7F2E200CF148A /* Release */ = {
			isa = XCBuildConfiguration;
			buildSettings = {
				BUNDLE_LOADER = "$(TEST_HOST)";
				FRAMEWORK_SEARCH_PATHS = (
					"$(SDKROOT)/Developer/Library/Frameworks",
					"$(inherited)",
				);
				INFOPLIST_FILE = "Call WaitingTests/Info.plist";
				LD_RUNPATH_SEARCH_PATHS = "$(inherited) @executable_path/Frameworks @loader_path/Frameworks";
				PRODUCT_NAME = "$(TARGET_NAME)";
				TEST_HOST = "$(BUILT_PRODUCTS_DIR)/Call Waiting.app/Call Waiting";
			};
			name = Release;
		};
/* End XCBuildConfiguration section */

/* Begin XCConfigurationList section */
		6C3464CB1AD7F2E200CF148A /* Build configuration list for PBXProject "Call Waiting" */ = {
			isa = XCConfigurationList;
			buildConfigurations = (
				6C3464F21AD7F2E200CF148A /* Debug */,
				6C3464F31AD7F2E200CF148A /* Release */,
			);
			defaultConfigurationIsVisible = 0;
			defaultConfigurationName = Release;
		};
		6C3464F41AD7F2E200CF148A /* Build configuration list for PBXNativeTarget "Call Waiting" */ = {
			isa = XCConfigurationList;
			buildConfigurations = (
				6C3464F51AD7F2E200CF148A /* Debug */,
				6C3464F61AD7F2E200CF148A /* Release */,
			);
			defaultConfigurationIsVisible = 0;
		};
		6C3464F71AD7F2E200CF148A /* Build configuration list for PBXNativeTarget "Call WaitingTests" */ = {
			isa = XCConfigurationList;
			buildConfigurations = (
				6C3464F81AD7F2E200CF148A /* Debug */,
				6C3464F91AD7F2E200CF148A /* Release */,
			);
			defaultConfigurationIsVisible = 0;
		};
/* End XCConfigurationList section */

/* Begin XCVersionGroup section */
		6C3464D71AD7F2E200CF148A /* Call_Waiting.xcdatamodeld */ = {
			isa = XCVersionGroup;
			children = (
				6C3464D81AD7F2E200CF148A /* Call_Waiting.xcdatamodel */,
			);
			currentVersion = 6C3464D81AD7F2E200CF148A /* Call_Waiting.xcdatamodel */;
			path = Call_Waiting.xcdatamodeld;
			sourceTree = "<group>";
			versionGroupType = wrapper.xcdatamodel;
		};
/* End XCVersionGroup section */
	};
	rootObject = 6C3464C81AD7F2E200CF148A /* Project object */;
}
